
Microsoft Visual Studio Solution File, Format Version 12.00
# Visual Studio Version 16
VisualStudioVersion = 16.0.30320.27
MinimumVisualStudioVersion = 10.0.40219.1
Project("{FAE04EC0-301F-11D3-BF4B-00C04F79EFBC}") = "HomeWork8Zadacha1", "HomeWork8Zadacha1\HomeWork8Zadacha1.csproj", "{DBCDE1F3-4E23-417E-AF6C-3C356BEAF45D}"
EndProject
Global
	GlobalSection(SolutionConfigurationPlatforms) = preSolution
		Debug|Any CPU = Debug|Any CPU
		Release|Any CPU = Release|Any CPU
	EndGlobalSection
	GlobalSection(ProjectConfigurationPlatforms) = postSolution
		{DBCDE1F3-4E23-417E-AF6C-3C356BEAF45D}.Debug|Any CPU.ActiveCfg = Debug|Any CPU
		{DBCDE1F3-4E23-417E-AF6C-3C356BEAF45D}.Debug|Any CPU.Build.0 = Debug|Any CPU
		{DBCDE1F3-4E23-417E-AF6C-3C356BEAF45D}.Release|Any CPU.ActiveCfg = Release|Any CPU
		{DBCDE1F3-4E23-417E-AF6C-3C356BEAF45D}.Release|Any CPU.Build.0 = Release|Any CPU
	EndGlobalSection
	GlobalSection(SolutionProperties) = preSolution
		HideSolutionNode = FALSE
	EndGlobalSection
	GlobalSection(ExtensibilityGlobals) = postSolution
		SolutionGuid = {1A71A8FD-8B54-465B-B0B3-F9D5FB123CA9}
	EndGlobalSection
EndGlobal
